<?xml version="1.0" encoding="utf-8"?>
<Project ToolsVersion="4.0" xmlns="http://schemas.microsoft.com/developer/msbuild/2003">
  <ItemGroup>
    <Filter Include="00. MainApp">
      <UniqueIdentifier>{14687ae2-b652-41c0-88fc-0b7243a7b871}</UniqueIdentifier>
    </Filter>
    <Filter Include="01. Scene">
      <UniqueIdentifier>{e5109e35-04ba-447a-ad97-516d1fa35731}</UniqueIdentifier>
    </Filter>
    <Filter Include="99. Etc">
      <UniqueIdentifier>{1278bf26-5427-4178-8fa7-62ecfba730f3}</UniqueIdentifier>
    </Filter>
    <Filter Include="99. Etc\리소스 파일">
      <UniqueIdentifier>{67DA6AB6-F800-4c08-8B7A-83BB121AAD01}</UniqueIdentifier>
      <Extensions>rc;ico;cur;bmp;dlg;rc2;rct;bin;rgs;gif;jpg;jpeg;jpe;resx;tiff;tif;png;wav;mfcribbon-ms</Extensions>
    </Filter>
    <Filter Include="99. Etc\소스 파일">
      <UniqueIdentifier>{4FC737F1-C7A5-4376-A066-2A32D752A2FF}</UniqueIdentifier>
      <Extensions>cpp;c;cc;cxx;def;odl;idl;hpj;bat;asm;asmx</Extensions>
    </Filter>
    <Filter Include="99. Etc\헤더 파일">
      <UniqueIdentifier>{93995380-89BD-4b04-88EB-625FBE52EBFB}</UniqueIdentifier>
      <Extensions>h;hh;hpp;hxx;hm;inl;inc;xsd</Extensions>
    </Filter>
    <Filter Include="98. Header">
      <UniqueIdentifier>{922c0948-400c-4810-8d7b-2fedf26de17c}</UniqueIdentifier>
    </Filter>
    <Filter Include="01. Scene\00. Logo">
      <UniqueIdentifier>{53e2ea0a-3213-4247-9f49-cef477b1afee}</UniqueIdentifier>
    </Filter>
    <Filter Include="02. GameObject">
      <UniqueIdentifier>{2cbaa01a-5fb5-4d17-9164-8169c87441b6}</UniqueIdentifier>
    </Filter>
    <Filter Include="02. GameObject\01. Stage">
      <UniqueIdentifier>{7aac664a-bdaf-425c-84a7-375cffc981a7}</UniqueIdentifier>
    </Filter>
    <Filter Include="02. GameObject\01. Stage\01.Player">
      <UniqueIdentifier>{6de56e98-c663-416d-b20d-61bd5e802ece}</UniqueIdentifier>
    </Filter>
    <Filter Include="02. GameObject\01. Stage\01. Scene_Monster">
      <UniqueIdentifier>{b6c97def-0aef-4b67-9b01-68dcab2a4532}</UniqueIdentifier>
    </Filter>
    <Filter Include="02. GameObject\01. Stage\01. Scene_Monster\00.Monster">
      <UniqueIdentifier>{05b9bf4e-b12f-417a-83db-bd3eef034c8c}</UniqueIdentifier>
    </Filter>
    <Filter Include="02. GameObject\01. Stage\01. Scene_Monster\01. Terrain">
      <UniqueIdentifier>{c2aa2371-a97d-42d1-afb9-facbee36ad90}</UniqueIdentifier>
    </Filter>
    <Filter Include="02. GameObject\01. Stage\01. Scene_Monster\02. Player">
      <UniqueIdentifier>{f43470de-c67f-49e7-80c4-44bdf63602f1}</UniqueIdentifier>
    </Filter>
    <Filter Include="02. GameObject\01. Stage\02.Bullet">
      <UniqueIdentifier>{3dd03295-c4d4-4d43-aab0-c4d9415183e5}</UniqueIdentifier>
    </Filter>
    <Filter Include="02. GameObject\01. Stage\02.Bullet\00.Normal">
      <UniqueIdentifier>{0572fbeb-61dd-4ec9-bf8f-1f99844d5286}</UniqueIdentifier>
    </Filter>
    <Filter Include="02. GameObject\00. Logo">
      <UniqueIdentifier>{96d40a23-3640-4667-974e-ad3d40d42673}</UniqueIdentifier>
    </Filter>
    <Filter Include="01. Scene\01.Scene_Proto">
      <UniqueIdentifier>{4b8d3310-6267-4c3c-b336-49e7cffdbe50}</UniqueIdentifier>
    </Filter>
    <Filter Include="01. Scene\20. Scene_Monster">
      <UniqueIdentifier>{91154392-52f1-43dc-9b58-bbffba06c1e7}</UniqueIdentifier>
    </Filter>
    <Filter Include="02. GameObject\01. Stage\00. Background">
      <UniqueIdentifier>{bc2a9999-d260-4edf-a3bb-6ddbd6b0b943}</UniqueIdentifier>
    </Filter>
    <Filter Include="01. Scene\90. Scene_Loading">
      <UniqueIdentifier>{c110545e-7a4b-4828-8604-509975a6d557}</UniqueIdentifier>
    </Filter>
    <Filter Include="02. GameObject\00. Logo\00. Logo_Background">
      <UniqueIdentifier>{e64fed0d-f85e-43fd-ab19-204a6241f108}</UniqueIdentifier>
    </Filter>
    <Filter Include="01. Scene\02. Scene_Forest">
      <UniqueIdentifier>{8763cec5-a2a1-4192-a6cd-cc6cebdd2aae}</UniqueIdentifier>
    </Filter>
    <Filter Include="01. Scene\03. Scene_Cave">
      <UniqueIdentifier>{b3030010-b54c-4f93-b948-3cd6a96e112a}</UniqueIdentifier>
    </Filter>
    <Filter Include="01. Scene\05. Scene_Volcano">
      <UniqueIdentifier>{a1fd4ff7-25f1-4246-98e2-ce08026c75fd}</UniqueIdentifier>
    </Filter>
    <Filter Include="01. Scene\50. Scene_Terrain">
      <UniqueIdentifier>{bac2b7ef-17a0-4138-8ecd-1128cd6ed6a1}</UniqueIdentifier>
    </Filter>
    <Filter Include="02. GameObject\01. Stage\01.Player\01. CavePlayer">
      <UniqueIdentifier>{f5b8d36c-ef58-4879-a700-d2c839d83edc}</UniqueIdentifier>
    </Filter>
    <Filter Include="02. GameObject\01. Stage\01. Scene_Monster\00.Monster\00.CubeMonster">
      <UniqueIdentifier>{1130835c-a70f-4b69-9b0f-a20ed9b8f406}</UniqueIdentifier>
    </Filter>
    <Filter Include="02. GameObject\01. Stage\01. Scene_Monster\00.Monster\00.CubeMonster\01. Chase">
      <UniqueIdentifier>{c5100102-17dd-47fc-aead-a71714ad1276}</UniqueIdentifier>
    </Filter>
    <Filter Include="02. GameObject\01. Stage\01. Scene_Monster\00.Monster\00.CubeMonster\02. Running">
      <UniqueIdentifier>{87c8498e-e0ba-4b9f-a4c6-419710cb5b94}</UniqueIdentifier>
    </Filter>
    <Filter Include="02. GameObject\01. Stage\01. Scene_Monster\00.Monster\00.CubeMonster\04. Fly">
      <UniqueIdentifier>{8bc9e4e4-7f36-4baa-aa4a-e2271510a183}</UniqueIdentifier>
    </Filter>
    <Filter Include="02. GameObject\01. Stage\01. Scene_Monster\00.Monster\00.CubeMonster\03. Jumping">
      <UniqueIdentifier>{16b008d2-d748-431f-aae7-6a35ff54d643}</UniqueIdentifier>
    </Filter>
    <Filter Include="02. GameObject\01. Stage\01. Scene_Monster\00.Monster\01.BoardMonster">
      <UniqueIdentifier>{199066d6-f703-4107-b297-5cb7c1cb8a42}</UniqueIdentifier>
    </Filter>
    <Filter Include="01. Scene\08. Scene_Option">
      <UniqueIdentifier>{3b8c2e0a-b164-4b2a-b852-7bace6236efe}</UniqueIdentifier>
    </Filter>
    <Filter Include="02. GameObject\01. Stage\51.SkySphere">
      <UniqueIdentifier>{7aa7f97f-bd8d-4e1e-b0d2-501f69181828}</UniqueIdentifier>
    </Filter>
    <Filter Include="02. GameObject\01. Stage\52.Cave">
      <UniqueIdentifier>{da02d5b2-f55c-4e59-b255-1904fd62782c}</UniqueIdentifier>
    </Filter>
    <Filter Include="02. GameObject\01. Stage\53.Vent">
      <UniqueIdentifier>{96d3a98e-db12-4a73-9fed-f11c3d52641b}</UniqueIdentifier>
    </Filter>
    <Filter Include="02. GameObject\01. Stage\54.Obstacle">
      <UniqueIdentifier>{d1c627c0-451a-4602-8e16-35bb9e226584}</UniqueIdentifier>
    </Filter>
    <Filter Include="02. GameObject\01. Stage\55.Terrain_Locater">
      <UniqueIdentifier>{469736e8-ed0a-45d7-88ea-3a633d005092}</UniqueIdentifier>
    </Filter>
    <Filter Include="02. GameObject\01. Stage\50.Ocean">
      <UniqueIdentifier>{6273f2cd-0a4a-4fa3-857d-ad00bfc680af}</UniqueIdentifier>
    </Filter>
    <Filter Include="02. GameObject\01. Stage\56.Terrain_Parts">
      <UniqueIdentifier>{f3725a6f-4a39-464d-b6ca-22f49ca9bc1b}</UniqueIdentifier>
    </Filter>
    <Filter Include="02. GameObject\01. Stage\99. PlayerUI">
      <UniqueIdentifier>{82788b45-0f7e-4ccf-9a45-27915f8149fc}</UniqueIdentifier>
    </Filter>
    <Filter Include="02. GameObject\01. Stage\58. Tree">
      <UniqueIdentifier>{7512c7d6-23af-4fef-9125-bab69c4c23e9}</UniqueIdentifier>
    </Filter>
    <Filter Include="02. GameObject\01. Stage\57. Tree_Locator">
      <UniqueIdentifier>{41a99606-7d17-43c6-aac9-88086f34acbb}</UniqueIdentifier>
    </Filter>
    <Filter Include="02. GameObject\01. Stage\02.Bullet\01. Beam">
      <UniqueIdentifier>{e8edd6b5-041f-4c84-b89f-950d3427bb4c}</UniqueIdentifier>
    </Filter>
    <Filter Include="97. WorkFlow">
      <UniqueIdentifier>{f74e9fa3-e799-4f54-9417-49d36c6ca335}</UniqueIdentifier>
    </Filter>
    <Filter Include="03. GameMgr">
      <UniqueIdentifier>{b3e38d98-0162-4576-b32b-7bbadbdfe1a1}</UniqueIdentifier>
    </Filter>
    <Filter Include="02. GameObject\01. Stage\59. Color_Mask">
      <UniqueIdentifier>{c1e13116-ccb5-4204-a1cf-6faf95a8ea36}</UniqueIdentifier>
    </Filter>
    <Filter Include="02. GameObject\01. Stage\60. Cloud_Locater">
      <UniqueIdentifier>{60610011-60bb-49bb-ba93-c11b9c297da6}</UniqueIdentifier>
    </Filter>
    <Filter Include="02. GameObject\01. Stage\61. Cloud_Parts">
      <UniqueIdentifier>{928382d3-4b54-46c1-bbe3-b0623952625f}</UniqueIdentifier>
    </Filter>
    <Filter Include="02. GameObject\01. Stage\63. Cliff_Object">
      <UniqueIdentifier>{256e1db8-8309-4991-8515-e39d545a528c}</UniqueIdentifier>
    </Filter>
    <Filter Include="02. GameObject\01. Stage\62. Cliff_Locater">
      <UniqueIdentifier>{515b359b-6db9-4590-af29-902ebb72d40e}</UniqueIdentifier>
    </Filter>
    <Filter Include="01. Scene\09. Scene_Menu">
      <UniqueIdentifier>{496abfac-4fcf-4338-bb7a-8efe2b23e3b8}</UniqueIdentifier>
    </Filter>
    <Filter Include="02. GameObject\01. Stage\02.Bullet\01. Beam\23.MonsterBeam">
      <UniqueIdentifier>{bf8dc0e1-0b4f-4085-8945-d61ad2d1e6b2}</UniqueIdentifier>
    </Filter>
    <Filter Include="01. Scene\06. Scene_Iceland">
      <UniqueIdentifier>{37bc2afd-8600-40dc-a2f4-c87df6540a0e}</UniqueIdentifier>
    </Filter>
    <Filter Include="02. GameObject\01. Stage\64. AshCloud_Locater">
      <UniqueIdentifier>{080f7bae-f4b0-4191-82ed-4349477caaa0}</UniqueIdentifier>
    </Filter>
    <Filter Include="02. GameObject\01. Stage\65. Volcano_Parts">
      <UniqueIdentifier>{cb20bece-5c73-48e4-af59-c095bebe43d0}</UniqueIdentifier>
    </Filter>
    <Filter Include="02. GameObject\01. Stage\51.SkySphere\00. RedSky">
      <UniqueIdentifier>{56e34dff-bfcb-4e68-8342-a72e396c291b}</UniqueIdentifier>
    </Filter>
    <Filter Include="02. GameObject\01. Stage\01. Scene_Monster\00.Monster\00.CubeMonster\67.Golem">
      <UniqueIdentifier>{b3abe725-b969-4009-bd7d-939ad29f1584}</UniqueIdentifier>
    </Filter>
    <Filter Include="02. GameObject\01. Stage\01. Scene_Monster\00.Monster\39. CrystalMonster">
      <UniqueIdentifier>{565aa000-57d8-449a-b276-0723562ccadf}</UniqueIdentifier>
    </Filter>
    <Filter Include="02. GameObject\01. Stage\66. View_Mask">
      <UniqueIdentifier>{9c30bee2-5c1b-4c29-a463-5df680b73065}</UniqueIdentifier>
    </Filter>
    <Filter Include="02. GameObject\01. Stage\67. Meteor_Spawner">
      <UniqueIdentifier>{45499b64-0812-44c0-ab84-4f51e74e905b}</UniqueIdentifier>
    </Filter>
    <Filter Include="02. GameObject\01. Stage\68. Meteor_Object">
      <UniqueIdentifier>{c3fde865-bf90-4f00-b8a9-415a3b2311a0}</UniqueIdentifier>
    </Filter>
    <Filter Include="02. GameObject\01. Stage\69. BillCloud_Locater">
      <UniqueIdentifier>{5b9c6cd4-5757-49d2-9b31-5c1f6a99b904}</UniqueIdentifier>
    </Filter>
    <Filter Include="02. GameObject\01. Stage\70. BillCloud_Object">
      <UniqueIdentifier>{6812ae6c-c335-42c7-b0fd-80a3d5ea8945}</UniqueIdentifier>
    </Filter>
    <Filter Include="02. GameObject\00. Logo\01. Logo_Loop">
      <UniqueIdentifier>{4ba85861-df41-4f3c-abc9-d98f9c661de1}</UniqueIdentifier>
    </Filter>
    <Filter Include="02. GameObject\00. Logo\02. Page_Out">
      <UniqueIdentifier>{091abde0-0796-4d46-b9bb-02aa50d5d217}</UniqueIdentifier>
    </Filter>
    <Filter Include="02. GameObject\00. Logo\03. Select_Scroller">
      <UniqueIdentifier>{17ae8fba-9302-4423-be0c-48019086802c}</UniqueIdentifier>
    </Filter>
    <Filter Include="02. GameObject\00. Logo\04. Select_Map">
      <UniqueIdentifier>{923388b1-c147-471b-ad09-5b27f365e0e1}</UniqueIdentifier>
    </Filter>
    <Filter Include="02. GameObject\00. Logo\05. Fire_Wall">
      <UniqueIdentifier>{7649ae48-c8cb-4946-9962-9a592f0e5831}</UniqueIdentifier>
    </Filter>
    <Filter Include="01. Scene\04. Scene_Cloud">
      <UniqueIdentifier>{22a5ed4e-7e0b-4630-ad47-7edcdca71be2}</UniqueIdentifier>
    </Filter>
    <Filter Include="01. Scene\07. Scene_Select">
      <UniqueIdentifier>{940311cb-3c40-4cd5-ad3d-4e7304b318dd}</UniqueIdentifier>
    </Filter>
    <Filter Include="02. GameObject\01. Stage\01. Scene_Monster\00.Monster\00.CubeMonster\67.Golem\Giants">
      <UniqueIdentifier>{fafdc6d2-7c8c-4f98-b533-717cad99acc2}</UniqueIdentifier>
    </Filter>
    <Filter Include="02. GameObject\02. UI">
      <UniqueIdentifier>{007abf82-1595-400b-b2b7-11c552ebdbaa}</UniqueIdentifier>
    </Filter>
    <Filter Include="02. GameObject\02. UI\00. BarCon">
      <UniqueIdentifier>{933ee61d-aef4-4356-b57b-7f08ce4f8893}</UniqueIdentifier>
    </Filter>
    <Filter Include="02. GameObject\02. UI\01. IconCon">
      <UniqueIdentifier>{c9ed5aaf-da31-4e1c-9b9c-4e0abdf66229}</UniqueIdentifier>
    </Filter>
    <Filter Include="02. GameObject\02. UI\02. CompassCon">
      <UniqueIdentifier>{5c40fe04-6677-4486-a902-3a26e9b0915f}</UniqueIdentifier>
    </Filter>
    <Filter Include="02. GameObject\01. Stage\01.Player\02. BossPlayer">
      <UniqueIdentifier>{95827ce7-c9bd-4f79-8ecc-66c350b9a90e}</UniqueIdentifier>
    </Filter>
    <Filter Include="02. GameObject\01. Stage\71. Volcano_Erupt">
      <UniqueIdentifier>{2c9a8f39-e924-46e0-9275-c3c7301674ef}</UniqueIdentifier>
    </Filter>
    <Filter Include="02. GameObject\01. Stage\90. Accel_Torus">
      <UniqueIdentifier>{a04bac10-8692-4446-b605-922a1ef2bcae}</UniqueIdentifier>
    </Filter>
    <Filter Include="02. GameObject\01. Stage\72. Bill_Line">
      <UniqueIdentifier>{30924cdd-85e0-41a3-ad7a-26b0cf999315}</UniqueIdentifier>
    </Filter>
    <Filter Include="02. GameObject\01. Stage\98. Line_Renderer">
      <UniqueIdentifier>{34132a4f-9618-416e-a685-5989df68368d}</UniqueIdentifier>
    </Filter>
    <Filter Include="02. GameObject\01. Stage\68. Meteor_Object\00. Circular">
      <UniqueIdentifier>{d851d2e7-adee-4ae1-9411-15b5e92b5c29}</UniqueIdentifier>
    </Filter>
    <Filter Include="02. GameObject\01. Stage\72.Goal">
      <UniqueIdentifier>{b2d2b2c7-96bd-41ca-bf91-93194caf4556}</UniqueIdentifier>
    </Filter>
    <Filter Include="02. GameObject\01. Stage\73. Billl_AlphaLine">
      <UniqueIdentifier>{a20e68e6-1e08-4157-881d-8ca96daaf73d}</UniqueIdentifier>
    </Filter>
  </ItemGroup>
  <ItemGroup>
    <ClInclude Include="targetver.h">
      <Filter>99. Etc\헤더 파일</Filter>
    </ClInclude>
    <ClInclude Include="Resource.h">
      <Filter>99. Etc\헤더 파일</Filter>
    </ClInclude>
    <ClInclude Include="Client.h">
      <Filter>99. Etc\헤더 파일</Filter>
    </ClInclude>
    <ClInclude Include="..\Code\MainApp.h">
      <Filter>00. MainApp</Filter>
    </ClInclude>
    <ClInclude Include="..\Header\Define.h">
      <Filter>98. Header</Filter>
    </ClInclude>
    <ClInclude Include="stdafx.h">
      <Filter>98. Header</Filter>
    </ClInclude>
    <ClInclude Include="..\Code\Logo.h">
      <Filter>01. Scene\00. Logo</Filter>
    </ClInclude>
    <ClInclude Include="..\Code\TestPlayer.h">
      <Filter>02. GameObject\01. Stage\01.Player</Filter>
    </ClInclude>
    <ClInclude Include="..\Code\BackGround.h">
      <Filter>02. GameObject\01. Stage\00. Background</Filter>
    </ClInclude>
    <ClInclude Include="..\Code\Scene_Monster.h">
      <Filter>01. Scene\20. Scene_Monster</Filter>
    </ClInclude>
    <ClInclude Include="..\Code\Chase_Monster.h">
      <Filter>02. GameObject\01. Stage\01. Scene_Monster\00.Monster\00.CubeMonster\01. Chase</Filter>
    </ClInclude>
    <ClInclude Include="..\Code\Run_Monster.h">
      <Filter>02. GameObject\01. Stage\01. Scene_Monster\00.Monster\00.CubeMonster\02. Running</Filter>
    </ClInclude>
    <ClInclude Include="..\Code\Jump_Monster.h">
      <Filter>02. GameObject\01. Stage\01. Scene_Monster\00.Monster\00.CubeMonster\03. Jumping</Filter>
    </ClInclude>
    <ClInclude Include="..\Code\Fly_Monster.h">
      <Filter>02. GameObject\01. Stage\01. Scene_Monster\00.Monster\00.CubeMonster\04. Fly</Filter>
    </ClInclude>
    <ClInclude Include="..\Code\Player.h">
      <Filter>02. GameObject\01. Stage\01. Scene_Monster\02. Player</Filter>
    </ClInclude>
    <ClInclude Include="..\Code\Terrain.h">
      <Filter>02. GameObject\01. Stage\01. Scene_Monster\01. Terrain</Filter>
    </ClInclude>
    <ClInclude Include="..\Code\NormalBullet.h">
      <Filter>02. GameObject\01. Stage\02.Bullet\00.Normal</Filter>
    </ClInclude>
    <ClInclude Include="..\Code\Scene_Proto.h">
      <Filter>01. Scene\01.Scene_Proto</Filter>
    </ClInclude>
    <ClInclude Include="..\Code\SkySphere.h">
      <Filter>02. GameObject\01. Stage\51.SkySphere</Filter>
    </ClInclude>
    <ClInclude Include="..\Code\Ocean.h">
      <Filter>02. GameObject\01. Stage\50.Ocean</Filter>
    </ClInclude>
    <ClInclude Include="..\Code\Scene_Loading.h">
      <Filter>01. Scene\90. Scene_Loading</Filter>
    </ClInclude>
    <ClInclude Include="..\Code\BackGround_Logo.h">
      <Filter>02. GameObject\00. Logo\00. Logo_Background</Filter>
    </ClInclude>
    <ClInclude Include="..\Code\Scene_Cave.h">
      <Filter>01. Scene\03. Scene_Cave</Filter>
    </ClInclude>
    <ClInclude Include="..\Code\Cave.h">
      <Filter>02. GameObject\01. Stage\52.Cave</Filter>
    </ClInclude>
    <ClInclude Include="..\Code\Vent.h">
      <Filter>02. GameObject\01. Stage\53.Vent</Filter>
    </ClInclude>
    <ClInclude Include="..\Code\CavePlayer.h">
      <Filter>02. GameObject\01. Stage\01.Player\01. CavePlayer</Filter>
    </ClInclude>
    <ClInclude Include="..\Code\Bat_Monster.h">
      <Filter>02. GameObject\01. Stage\01. Scene_Monster\00.Monster\01.BoardMonster</Filter>
    </ClInclude>
    <ClInclude Include="..\Code\Obstacle.h">
      <Filter>02. GameObject\01. Stage\54.Obstacle</Filter>
    </ClInclude>
    <ClInclude Include="..\Code\Scene_Forest.h">
      <Filter>01. Scene\02. Scene_Forest</Filter>
    </ClInclude>
    <ClInclude Include="..\Code\Terrain_Locater.h">
      <Filter>02. GameObject\01. Stage\55.Terrain_Locater</Filter>
    </ClInclude>
    <ClInclude Include="..\Code\Terrain_Parts.h">
      <Filter>02. GameObject\01. Stage\56.Terrain_Parts</Filter>
    </ClInclude>
    <ClInclude Include="..\Code\PlayerUI.h">
      <Filter>02. GameObject\01. Stage\99. PlayerUI</Filter>
    </ClInclude>
    <ClInclude Include="..\Code\Tree_Locater.h">
      <Filter>02. GameObject\01. Stage\57. Tree_Locator</Filter>
    </ClInclude>
    <ClInclude Include="..\Code\Tree_Object.h">
      <Filter>02. GameObject\01. Stage\58. Tree</Filter>
    </ClInclude>
    <ClInclude Include="..\Code\Ingame_Flow.h">
      <Filter>97. WorkFlow</Filter>
    </ClInclude>
    <ClInclude Include="..\Code\Scene_Cloud.h">
      <Filter>01. Scene\04. Scene_Cloud</Filter>
    </ClInclude>
    <ClInclude Include="..\Code\Color_Mask.h">
      <Filter>02. GameObject\01. Stage\59. Color_Mask</Filter>
    </ClInclude>
    <ClInclude Include="..\Code\Cloud_Locater.h">
      <Filter>02. GameObject\01. Stage\60. Cloud_Locater</Filter>
    </ClInclude>
    <ClInclude Include="..\Code\Cloud_Parts.h">
      <Filter>02. GameObject\01. Stage\61. Cloud_Parts</Filter>
    </ClInclude>
    <ClInclude Include="..\Code\Cliff_Object.h">
      <Filter>02. GameObject\01. Stage\63. Cliff_Object</Filter>
    </ClInclude>
    <ClInclude Include="..\Code\Cliff_Locater.h">
      <Filter>02. GameObject\01. Stage\62. Cliff_Locater</Filter>
    </ClInclude>
    <ClInclude Include="..\Code\Scene_Select.h">
      <Filter>01. Scene\07. Scene_Select</Filter>
    </ClInclude>
    <ClInclude Include="..\Code\Scene_Menu.h">
      <Filter>01. Scene\09. Scene_Menu</Filter>
    </ClInclude>
    <ClInclude Include="..\Code\MonsterBeam.h">
      <Filter>02. GameObject\01. Stage\02.Bullet\01. Beam\23.MonsterBeam</Filter>
    </ClInclude>
    <ClInclude Include="..\Code\Golem.h">
      <Filter>02. GameObject\01. Stage\01. Scene_Monster\00.Monster\00.CubeMonster\67.Golem</Filter>
    </ClInclude>
    <ClInclude Include="..\Code\FlyGolem.h">
      <Filter>02. GameObject\01. Stage\01. Scene_Monster\00.Monster\00.CubeMonster\67.Golem</Filter>
    </ClInclude>
    <ClInclude Include="..\Code\FlyChaseGolem.h">
      <Filter>02. GameObject\01. Stage\01. Scene_Monster\00.Monster\00.CubeMonster\67.Golem</Filter>
    </ClInclude>
    <ClInclude Include="..\Code\Horizon_Bat_Monster.h">
      <Filter>02. GameObject\01. Stage\01. Scene_Monster\00.Monster\01.BoardMonster</Filter>
    </ClInclude>
    <ClInclude Include="..\Code\RedCrystal_Monster.h">
      <Filter>02. GameObject\01. Stage\01. Scene_Monster\00.Monster\39. CrystalMonster</Filter>
    </ClInclude>
    <ClInclude Include="..\Code\Scene_Volcano.h">
      <Filter>01. Scene\05. Scene_Volcano</Filter>
    </ClInclude>
    <ClInclude Include="..\Code\Lava.h">
      <Filter>02. GameObject\01. Stage\50.Ocean</Filter>
    </ClInclude>
    <ClInclude Include="..\Code\AshCloud_Locater.h">
      <Filter>02. GameObject\01. Stage\64. AshCloud_Locater</Filter>
    </ClInclude>
    <ClInclude Include="..\Code\Volcano_Parts.h">
      <Filter>02. GameObject\01. Stage\65. Volcano_Parts</Filter>
    </ClInclude>
    <ClInclude Include="..\Code\RedSky.h">
      <Filter>02. GameObject\01. Stage\51.SkySphere\00. RedSky</Filter>
    </ClInclude>
    <ClInclude Include="..\Code\View_Mask.h">
      <Filter>02. GameObject\01. Stage\66. View_Mask</Filter>
    </ClInclude>
    <ClInclude Include="..\Code\BillCloud_Locater.h">
      <Filter>02. GameObject\01. Stage\69. BillCloud_Locater</Filter>
    </ClInclude>
    <ClInclude Include="..\Code\Meteor_Spawner.h">
      <Filter>02. GameObject\01. Stage\67. Meteor_Spawner</Filter>
    </ClInclude>
    <ClInclude Include="..\Code\Meteor_Object.h">
      <Filter>02. GameObject\01. Stage\68. Meteor_Object</Filter>
    </ClInclude>
    <ClInclude Include="..\Code\BillCloud_Object.h">
      <Filter>02. GameObject\01. Stage\70. BillCloud_Object</Filter>
    </ClInclude>
    <ClInclude Include="..\Code\Logo_Loop.h">
      <Filter>02. GameObject\00. Logo\01. Logo_Loop</Filter>
    </ClInclude>
    <ClInclude Include="..\Code\Page_Out.h">
      <Filter>02. GameObject\00. Logo\02. Page_Out</Filter>
    </ClInclude>
    <ClInclude Include="..\Code\Select_Scroller.h">
      <Filter>02. GameObject\00. Logo\03. Select_Scroller</Filter>
    </ClInclude>
    <ClInclude Include="..\Code\Select_Map.h">
      <Filter>02. GameObject\00. Logo\04. Select_Map</Filter>
    </ClInclude>
    <ClInclude Include="..\Code\Fire_Wall.h">
      <Filter>02. GameObject\00. Logo\05. Fire_Wall</Filter>
    </ClInclude>
    <ClInclude Include="..\Code\Scene_Option.h">
      <Filter>01. Scene\08. Scene_Option</Filter>
    </ClInclude>
    <ClInclude Include="..\Code\Ingame_Info.h">
      <Filter>97. WorkFlow</Filter>
    </ClInclude>
    <ClInclude Include="..\Code\GiantGolem_Left_Arm.h">
      <Filter>02. GameObject\01. Stage\01. Scene_Monster\00.Monster\00.CubeMonster\67.Golem\Giants</Filter>
    </ClInclude>
    <ClInclude Include="..\Code\GiantGolem_Left_Hand.h">
      <Filter>02. GameObject\01. Stage\01. Scene_Monster\00.Monster\00.CubeMonster\67.Golem\Giants</Filter>
    </ClInclude>
    <ClInclude Include="..\Code\GiantGolem_Right_Arm.h">
      <Filter>02. GameObject\01. Stage\01. Scene_Monster\00.Monster\00.CubeMonster\67.Golem\Giants</Filter>
    </ClInclude>
    <ClInclude Include="..\Code\GiantGolem_Right_Hand.h">
      <Filter>02. GameObject\01. Stage\01. Scene_Monster\00.Monster\00.CubeMonster\67.Golem\Giants</Filter>
    </ClInclude>
    <ClInclude Include="..\Code\GiantGolem_Head.h">
      <Filter>02. GameObject\01. Stage\01. Scene_Monster\00.Monster\00.CubeMonster\67.Golem\Giants</Filter>
    </ClInclude>
    <ClInclude Include="..\Code\GiantGolem_Body.h">
      <Filter>02. GameObject\01. Stage\01. Scene_Monster\00.Monster\00.CubeMonster\67.Golem\Giants</Filter>
    </ClInclude>
    <ClInclude Include="..\Code\GiantGolem.h">
      <Filter>02. GameObject\01. Stage\01. Scene_Monster\00.Monster\00.CubeMonster\67.Golem</Filter>
    </ClInclude>
    <ClInclude Include="..\Code\BarCon.h">
      <Filter>02. GameObject\02. UI\00. BarCon</Filter>
    </ClInclude>
    <ClInclude Include="..\Code\IconCon.h">
      <Filter>02. GameObject\02. UI\01. IconCon</Filter>
    </ClInclude>
    <ClInclude Include="..\Code\CompassCon.h">
      <Filter>02. GameObject\02. UI\02. CompassCon</Filter>
    </ClInclude>
    <ClInclude Include="..\Code\BossPlayer.h">
      <Filter>02. GameObject\01. Stage\01.Player\02. BossPlayer</Filter>
    </ClInclude>
    <ClInclude Include="..\Code\Volcano_Erupt.h">
      <Filter>02. GameObject\01. Stage\71. Volcano_Erupt</Filter>
    </ClInclude>
    <ClInclude Include="..\Code\Accel_Torus.h">
      <Filter>02. GameObject\01. Stage\90. Accel_Torus</Filter>
    </ClInclude>
    <ClInclude Include="..\Code\BossBullet.h">
      <Filter>02. GameObject\01. Stage\02.Bullet</Filter>
    </ClInclude>
    <ClInclude Include="..\Code\Bill_Line.h">
      <Filter>02. GameObject\01. Stage\72. Bill_Line</Filter>
    </ClInclude>
    <ClInclude Include="..\Code\Line_Renderer.h">
      <Filter>02. GameObject\01. Stage\98. Line_Renderer</Filter>
    </ClInclude>
    <ClInclude Include="..\Code\Meteor_Circular.h">
      <Filter>02. GameObject\01. Stage\68. Meteor_Object\00. Circular</Filter>
    </ClInclude>
    <ClInclude Include="..\Code\Goal.h">
      <Filter>99. Etc\헤더 파일</Filter>
    </ClInclude>
    <ClInclude Include="..\Code\Bill_AlphaLine.h">
      <Filter>02. GameObject\01. Stage\73. Billl_AlphaLine</Filter>
    </ClInclude>
  </ItemGroup>
  <ItemGroup>
    <ClCompile Include="stdafx.cpp">
      <Filter>99. Etc\소스 파일</Filter>
    </ClCompile>
    <ClCompile Include="Client.cpp">
      <Filter>99. Etc\소스 파일</Filter>
    </ClCompile>
    <ClCompile Include="..\Code\MainApp.cpp">
      <Filter>00. MainApp</Filter>
    </ClCompile>
    <ClCompile Include="..\Code\Logo.cpp">
      <Filter>01. Scene\00. Logo</Filter>
    </ClCompile>
    <ClCompile Include="..\Code\TestPlayer.cpp">
      <Filter>02. GameObject\01. Stage\01.Player</Filter>
    </ClCompile>
    <ClCompile Include="..\Code\BackGround.cpp">
      <Filter>02. GameObject\01. Stage\00. Background</Filter>
    </ClCompile>
    <ClCompile Include="..\Code\Scene_Monster.cpp">
      <Filter>01. Scene\20. Scene_Monster</Filter>
    </ClCompile>
    <ClCompile Include="..\Code\Chase_Monster.cpp">
      <Filter>02. GameObject\01. Stage\01. Scene_Monster\00.Monster\00.CubeMonster\01. Chase</Filter>
    </ClCompile>
    <ClCompile Include="..\Code\Run_Monster.cpp">
      <Filter>02. GameObject\01. Stage\01. Scene_Monster\00.Monster\00.CubeMonster\02. Running</Filter>
    </ClCompile>
    <ClCompile Include="..\Code\Jump_Monster.cpp">
      <Filter>02. GameObject\01. Stage\01. Scene_Monster\00.Monster\00.CubeMonster\03. Jumping</Filter>
    </ClCompile>
    <ClCompile Include="..\Code\Fly_Monster.cpp">
      <Filter>02. GameObject\01. Stage\01. Scene_Monster\00.Monster\00.CubeMonster\04. Fly</Filter>
    </ClCompile>
    <ClCompile Include="..\Code\Player.cpp">
      <Filter>02. GameObject\01. Stage\01. Scene_Monster\02. Player</Filter>
    </ClCompile>
    <ClCompile Include="..\Code\Terrain.cpp">
      <Filter>02. GameObject\01. Stage\01. Scene_Monster\01. Terrain</Filter>
    </ClCompile>
    <ClCompile Include="..\Code\NormalBullet.cpp">
      <Filter>02. GameObject\01. Stage\02.Bullet\00.Normal</Filter>
    </ClCompile>
    <ClCompile Include="..\Code\Scene_Proto.cpp">
      <Filter>01. Scene\01.Scene_Proto</Filter>
    </ClCompile>
    <ClCompile Include="..\Code\SkySphere.cpp">
      <Filter>02. GameObject\01. Stage\51.SkySphere</Filter>
    </ClCompile>
    <ClCompile Include="..\Code\Ocean.cpp">
      <Filter>02. GameObject\01. Stage\50.Ocean</Filter>
    </ClCompile>
    <ClCompile Include="..\Code\Scene_Loading.cpp">
      <Filter>01. Scene\90. Scene_Loading</Filter>
    </ClCompile>
    <ClCompile Include="..\Code\BackGround_Logo.cpp">
      <Filter>02. GameObject\00. Logo\00. Logo_Background</Filter>
    </ClCompile>
    <ClCompile Include="..\Code\Scene_Cave.cpp">
      <Filter>01. Scene\03. Scene_Cave</Filter>
    </ClCompile>
    <ClCompile Include="..\Code\Cave.cpp">
      <Filter>02. GameObject\01. Stage\52.Cave</Filter>
    </ClCompile>
    <ClCompile Include="..\Code\Vent.cpp">
      <Filter>02. GameObject\01. Stage\53.Vent</Filter>
    </ClCompile>
    <ClCompile Include="..\Code\CavePlayer.cpp">
      <Filter>02. GameObject\01. Stage\01.Player\01. CavePlayer</Filter>
    </ClCompile>
    <ClCompile Include="..\Code\Bat_Monster.cpp">
      <Filter>02. GameObject\01. Stage\01. Scene_Monster\00.Monster\01.BoardMonster</Filter>
    </ClCompile>
    <ClCompile Include="..\Code\Obstacle.cpp">
      <Filter>02. GameObject\01. Stage\54.Obstacle</Filter>
    </ClCompile>
    <ClCompile Include="..\Code\Scene_Forest.cpp">
      <Filter>01. Scene\02. Scene_Forest</Filter>
    </ClCompile>
    <ClCompile Include="..\Code\Terrain_Locater.cpp">
      <Filter>02. GameObject\01. Stage\55.Terrain_Locater</Filter>
    </ClCompile>
    <ClCompile Include="..\Code\Terrain_Parts.cpp">
      <Filter>02. GameObject\01. Stage\56.Terrain_Parts</Filter>
    </ClCompile>
    <ClCompile Include="..\Code\PlayerUI.cpp">
      <Filter>02. GameObject\01. Stage\99. PlayerUI</Filter>
    </ClCompile>
    <ClCompile Include="..\Code\Tree_Locater.cpp">
      <Filter>02. GameObject\01. Stage\57. Tree_Locator</Filter>
    </ClCompile>
    <ClCompile Include="..\Code\Tree_Object.cpp">
      <Filter>02. GameObject\01. Stage\58. Tree</Filter>
    </ClCompile>
    <ClCompile Include="..\Code\Ingame_Flow.cpp">
      <Filter>97. WorkFlow</Filter>
    </ClCompile>
    <ClCompile Include="..\Code\Scene_Cloud.cpp">
      <Filter>01. Scene\04. Scene_Cloud</Filter>
    </ClCompile>
    <ClCompile Include="..\Code\Color_Mask.cpp">
      <Filter>02. GameObject\01. Stage\59. Color_Mask</Filter>
    </ClCompile>
    <ClCompile Include="..\Code\Cloud_Locater.cpp">
      <Filter>02. GameObject\01. Stage\60. Cloud_Locater</Filter>
    </ClCompile>
    <ClCompile Include="..\Code\Cloud_Parts.cpp">
      <Filter>02. GameObject\01. Stage\61. Cloud_Parts</Filter>
    </ClCompile>
    <ClCompile Include="..\Code\Cliff_Object.cpp">
      <Filter>02. GameObject\01. Stage\63. Cliff_Object</Filter>
    </ClCompile>
    <ClCompile Include="..\Code\Cliff_Locater.cpp">
      <Filter>02. GameObject\01. Stage\62. Cliff_Locater</Filter>
    </ClCompile>
    <ClCompile Include="..\Code\Scene_Select.cpp">
      <Filter>01. Scene\07. Scene_Select</Filter>
    </ClCompile>
    <ClCompile Include="..\Code\Scene_Menu.cpp">
      <Filter>01. Scene\09. Scene_Menu</Filter>
    </ClCompile>
    <ClCompile Include="..\Code\MonsterBeam.cpp">
      <Filter>02. GameObject\01. Stage\02.Bullet\01. Beam\23.MonsterBeam</Filter>
    </ClCompile>
    <ClCompile Include="..\Code\Golem.cpp">
      <Filter>02. GameObject\01. Stage\01. Scene_Monster\00.Monster\00.CubeMonster\67.Golem</Filter>
    </ClCompile>
    <ClCompile Include="..\Code\FlyGolem.cpp">
      <Filter>02. GameObject\01. Stage\01. Scene_Monster\00.Monster\00.CubeMonster\67.Golem</Filter>
    </ClCompile>
    <ClCompile Include="..\Code\FlyChaseGolem.cpp">
      <Filter>02. GameObject\01. Stage\01. Scene_Monster\00.Monster\00.CubeMonster\67.Golem</Filter>
    </ClCompile>
    <ClCompile Include="..\Code\Horizon_Bat_Monster.cpp">
      <Filter>02. GameObject\01. Stage\01. Scene_Monster\00.Monster\01.BoardMonster</Filter>
    </ClCompile>
    <ClCompile Include="..\Code\RedCrystal_Monster.cpp">
      <Filter>02. GameObject\01. Stage\01. Scene_Monster\00.Monster\39. CrystalMonster</Filter>
    </ClCompile>
    <ClCompile Include="..\Code\Scene_Volcano.cpp">
      <Filter>01. Scene\05. Scene_Volcano</Filter>
    </ClCompile>
    <ClCompile Include="..\Code\Lava.cpp">
      <Filter>02. GameObject\01. Stage\50.Ocean</Filter>
    </ClCompile>
    <ClCompile Include="..\Code\AshCloud_Locater.cpp">
      <Filter>02. GameObject\01. Stage\64. AshCloud_Locater</Filter>
    </ClCompile>
    <ClCompile Include="..\Code\Volcano_Parts.cpp">
      <Filter>02. GameObject\01. Stage\65. Volcano_Parts</Filter>
    </ClCompile>
    <ClCompile Include="..\Code\RedSky.cpp">
      <Filter>02. GameObject\01. Stage\51.SkySphere\00. RedSky</Filter>
    </ClCompile>
    <ClCompile Include="..\Code\View_Mask.cpp">
      <Filter>02. GameObject\01. Stage\66. View_Mask</Filter>
    </ClCompile>
    <ClCompile Include="..\Code\BillCloud_Locater.cpp">
      <Filter>02. GameObject\01. Stage\69. BillCloud_Locater</Filter>
    </ClCompile>
    <ClCompile Include="..\Code\Meteor_Spawner.cpp">
      <Filter>02. GameObject\01. Stage\67. Meteor_Spawner</Filter>
    </ClCompile>
    <ClCompile Include="..\Code\Meteor_Object.cpp">
      <Filter>02. GameObject\01. Stage\68. Meteor_Object</Filter>
    </ClCompile>
    <ClCompile Include="..\Code\BillCloud_Object.cpp">
      <Filter>02. GameObject\01. Stage\70. BillCloud_Object</Filter>
    </ClCompile>
    <ClCompile Include="..\Code\Logo_Loop.cpp">
      <Filter>02. GameObject\00. Logo\01. Logo_Loop</Filter>
    </ClCompile>
    <ClCompile Include="..\Code\Page_Out.cpp">
      <Filter>02. GameObject\00. Logo\02. Page_Out</Filter>
    </ClCompile>
    <ClCompile Include="..\Code\Select_Scroller.cpp">
      <Filter>02. GameObject\00. Logo\03. Select_Scroller</Filter>
    </ClCompile>
    <ClCompile Include="..\Code\Select_Map.cpp">
      <Filter>02. GameObject\00. Logo\04. Select_Map</Filter>
    </ClCompile>
    <ClCompile Include="..\Code\Fire_Wall.cpp">
      <Filter>02. GameObject\00. Logo\05. Fire_Wall</Filter>
    </ClCompile>
    <ClCompile Include="..\Code\Scene_Option.cpp">
      <Filter>01. Scene\08. Scene_Option</Filter>
    </ClCompile>
    <ClCompile Include="..\Code\Ingame_Info.cpp">
      <Filter>97. WorkFlow</Filter>
    </ClCompile>
    <ClCompile Include="..\Code\GiantGolem_Left_Hand.cpp">
      <Filter>02. GameObject\01. Stage\01. Scene_Monster\00.Monster\00.CubeMonster\67.Golem\Giants</Filter>
    </ClCompile>
    <ClCompile Include="..\Code\GiantGolem_Right_Arm.cpp">
      <Filter>02. GameObject\01. Stage\01. Scene_Monster\00.Monster\00.CubeMonster\67.Golem\Giants</Filter>
    </ClCompile>
    <ClCompile Include="..\Code\GiantGolem_Right_Hand.cpp">
      <Filter>02. GameObject\01. Stage\01. Scene_Monster\00.Monster\00.CubeMonster\67.Golem\Giants</Filter>
    </ClCompile>
    <ClCompile Include="..\Code\GiantGolem_Left_Arm.cpp">
      <Filter>02. GameObject\01. Stage\01. Scene_Monster\00.Monster\00.CubeMonster\67.Golem\Giants</Filter>
    </ClCompile>
    <ClCompile Include="..\Code\GiantGolem_Head.cpp">
      <Filter>02. GameObject\01. Stage\01. Scene_Monster\00.Monster\00.CubeMonster\67.Golem\Giants</Filter>
    </ClCompile>
    <ClCompile Include="..\Code\GiantGolem_Body.cpp">
      <Filter>02. GameObject\01. Stage\01. Scene_Monster\00.Monster\00.CubeMonster\67.Golem\Giants</Filter>
    </ClCompile>
    <ClCompile Include="..\Code\GiantGolem.cpp">
      <Filter>02. GameObject\01. Stage\01. Scene_Monster\00.Monster\00.CubeMonster\67.Golem</Filter>
    </ClCompile>
    <ClCompile Include="..\Code\BarCon.cpp">
      <Filter>02. GameObject\02. UI\00. BarCon</Filter>
    </ClCompile>
    <ClCompile Include="..\Code\IconCon.cpp">
      <Filter>02. GameObject\02. UI\01. IconCon</Filter>
    </ClCompile>
    <ClCompile Include="..\Code\CompassCon.cpp">
      <Filter>02. GameObject\02. UI\02. CompassCon</Filter>
    </ClCompile>
    <ClCompile Include="..\Code\BossPlayer.cpp">
      <Filter>02. GameObject\01. Stage\01.Player\02. BossPlayer</Filter>
    </ClCompile>
    <ClCompile Include="..\Code\Volcano_Erupt.cpp">
      <Filter>02. GameObject\01. Stage\71. Volcano_Erupt</Filter>
    </ClCompile>
    <ClCompile Include="..\Code\Accel_Torus.cpp">
      <Filter>02. GameObject\01. Stage\90. Accel_Torus</Filter>
    </ClCompile>
    <ClCompile Include="..\Code\BossBullet.cpp">
      <Filter>02. GameObject\01. Stage\02.Bullet</Filter>
    </ClCompile>
    <ClCompile Include="..\Code\Bill_Line.cpp">
      <Filter>02. GameObject\01. Stage\72. Bill_Line</Filter>
    </ClCompile>
    <ClCompile Include="..\Code\Line_Renderer.cpp">
      <Filter>02. GameObject\01. Stage\98. Line_Renderer</Filter>
    </ClCompile>
    <ClCompile Include="..\Code\Meteor_Circular.cpp">
      <Filter>02. GameObject\01. Stage\68. Meteor_Object\00. Circular</Filter>
    </ClCompile>
    <ClCompile Include="..\Code\Goal.cpp">
      <Filter>99. Etc\소스 파일</Filter>
    </ClCompile>
    <ClCompile Include="..\Code\Bill_AlphaLine.cpp">
      <Filter>02. GameObject\01. Stage\73. Billl_AlphaLine</Filter>
    </ClCompile>
  </ItemGroup>
  <ItemGroup>
    <ResourceCompile Include="Client.rc">
      <Filter>99. Etc\리소스 파일</Filter>
    </ResourceCompile>
  </ItemGroup>
  <ItemGroup>
    <Image Include="small.ico">
      <Filter>99. Etc\리소스 파일</Filter>
    </Image>
    <Image Include="Client.ico">
      <Filter>99. Etc\리소스 파일</Filter>
    </Image>
  </ItemGroup>
  <ItemGroup>
    <Text Include="ReadMe.txt">
      <Filter>99. Etc\리소스 파일</Filter>
    </Text>
  </ItemGroup>
</Project>