<?xml version="1.0" encoding="utf-8"?>
<Project ToolsVersion="4.0" xmlns="http://schemas.microsoft.com/developer/msbuild/2003">
  <ItemGroup>
    <Filter Include="00. MainApp">
      <UniqueIdentifier>{14687ae2-b652-41c0-88fc-0b7243a7b871}</UniqueIdentifier>
    </Filter>
    <Filter Include="01. Scene">
      <UniqueIdentifier>{e5109e35-04ba-447a-ad97-516d1fa35731}</UniqueIdentifier>
    </Filter>
    <Filter Include="99. Etc">
      <UniqueIdentifier>{1278bf26-5427-4178-8fa7-62ecfba730f3}</UniqueIdentifier>
    </Filter>
    <Filter Include="99. Etc\리소스 파일">
      <UniqueIdentifier>{67DA6AB6-F800-4c08-8B7A-83BB121AAD01}</UniqueIdentifier>
      <Extensions>rc;ico;cur;bmp;dlg;rc2;rct;bin;rgs;gif;jpg;jpeg;jpe;resx;tiff;tif;png;wav;mfcribbon-ms</Extensions>
    </Filter>
    <Filter Include="99. Etc\소스 파일">
      <UniqueIdentifier>{4FC737F1-C7A5-4376-A066-2A32D752A2FF}</UniqueIdentifier>
      <Extensions>cpp;c;cc;cxx;def;odl;idl;hpj;bat;asm;asmx</Extensions>
    </Filter>
    <Filter Include="99. Etc\헤더 파일">
      <UniqueIdentifier>{93995380-89BD-4b04-88EB-625FBE52EBFB}</UniqueIdentifier>
      <Extensions>h;hh;hpp;hxx;hm;inl;inc;xsd</Extensions>
    </Filter>
    <Filter Include="98. Header">
      <UniqueIdentifier>{922c0948-400c-4810-8d7b-2fedf26de17c}</UniqueIdentifier>
    </Filter>
    <Filter Include="01. Scene\00. Logo">
      <UniqueIdentifier>{53e2ea0a-3213-4247-9f49-cef477b1afee}</UniqueIdentifier>
    </Filter>
    <Filter Include="02. GameObject">
      <UniqueIdentifier>{2cbaa01a-5fb5-4d17-9164-8169c87441b6}</UniqueIdentifier>
    </Filter>
    <Filter Include="02. GameObject\01. Stage">
      <UniqueIdentifier>{7aac664a-bdaf-425c-84a7-375cffc981a7}</UniqueIdentifier>
    </Filter>
    <Filter Include="02. GameObject\02. Public">
      <UniqueIdentifier>{007abf82-1595-400b-b2b7-11c552ebdbaa}</UniqueIdentifier>
    </Filter>
    <Filter Include="02. GameObject\01. Stage\01.Player">
      <UniqueIdentifier>{6de56e98-c663-416d-b20d-61bd5e802ece}</UniqueIdentifier>
    </Filter>
    <Filter Include="02. GameObject\01. Stage\01. Scene_Monster">
      <UniqueIdentifier>{b6c97def-0aef-4b67-9b01-68dcab2a4532}</UniqueIdentifier>
    </Filter>
    <Filter Include="02. GameObject\01. Stage\01. Scene_Monster\00.Monster">
      <UniqueIdentifier>{05b9bf4e-b12f-417a-83db-bd3eef034c8c}</UniqueIdentifier>
    </Filter>
    <Filter Include="02. GameObject\01. Stage\01. Scene_Monster\00.Monster\01. Chase">
      <UniqueIdentifier>{c5100102-17dd-47fc-aead-a71714ad1276}</UniqueIdentifier>
    </Filter>
    <Filter Include="02. GameObject\01. Stage\01. Scene_Monster\00.Monster\02. Running">
      <UniqueIdentifier>{87c8498e-e0ba-4b9f-a4c6-419710cb5b94}</UniqueIdentifier>
    </Filter>
    <Filter Include="02. GameObject\01. Stage\01. Scene_Monster\00.Monster\03. Jumping">
      <UniqueIdentifier>{16b008d2-d748-431f-aae7-6a35ff54d643}</UniqueIdentifier>
    </Filter>
    <Filter Include="02. GameObject\01. Stage\01. Scene_Monster\00.Monster\04. Fly">
      <UniqueIdentifier>{8bc9e4e4-7f36-4baa-aa4a-e2271510a183}</UniqueIdentifier>
    </Filter>
    <Filter Include="02. GameObject\01. Stage\01. Scene_Monster\01. Terrain">
      <UniqueIdentifier>{c2aa2371-a97d-42d1-afb9-facbee36ad90}</UniqueIdentifier>
    </Filter>
    <Filter Include="02. GameObject\01. Stage\01. Scene_Monster\02. Player">
      <UniqueIdentifier>{f43470de-c67f-49e7-80c4-44bdf63602f1}</UniqueIdentifier>
    </Filter>
    <Filter Include="02. GameObject\01. Stage\02.Bullet">
      <UniqueIdentifier>{3dd03295-c4d4-4d43-aab0-c4d9415183e5}</UniqueIdentifier>
    </Filter>
    <Filter Include="02. GameObject\01. Stage\02.Bullet\00.Normal">
      <UniqueIdentifier>{0572fbeb-61dd-4ec9-bf8f-1f99844d5286}</UniqueIdentifier>
    </Filter>
    <Filter Include="02. GameObject\00. Logo">
      <UniqueIdentifier>{96d40a23-3640-4667-974e-ad3d40d42673}</UniqueIdentifier>
    </Filter>
    <Filter Include="02. GameObject\01. Stage\03.Terrain">
      <UniqueIdentifier>{469736e8-ed0a-45d7-88ea-3a633d005092}</UniqueIdentifier>
    </Filter>
    <Filter Include="01. Scene\01.Scene_Proto">
      <UniqueIdentifier>{4b8d3310-6267-4c3c-b336-49e7cffdbe50}</UniqueIdentifier>
    </Filter>
    <Filter Include="01. Scene\20. Scene_Monster">
      <UniqueIdentifier>{91154392-52f1-43dc-9b58-bbffba06c1e7}</UniqueIdentifier>
    </Filter>
    <Filter Include="01. Scene\50. StageOne">
      <UniqueIdentifier>{bac2b7ef-17a0-4138-8ecd-1128cd6ed6a1}</UniqueIdentifier>
    </Filter>
    <Filter Include="01. Scene\70. PlayerTest">
      <UniqueIdentifier>{8da5808b-3fa5-4c62-b2fc-d769bd219cee}</UniqueIdentifier>
    </Filter>
    <Filter Include="02. GameObject\01. Stage\04.SkySphere">
      <UniqueIdentifier>{7aa7f97f-bd8d-4e1e-b0d2-501f69181828}</UniqueIdentifier>
    </Filter>
    <Filter Include="02. GameObject\01. Stage\00. Background">
      <UniqueIdentifier>{bc2a9999-d260-4edf-a3bb-6ddbd6b0b943}</UniqueIdentifier>
    </Filter>
    <Filter Include="02. GameObject\01. Stage\00. Background\00. Ocean">
      <UniqueIdentifier>{6273f2cd-0a4a-4fa3-857d-ad00bfc680af}</UniqueIdentifier>
    </Filter>
  </ItemGroup>
  <ItemGroup>
    <ClInclude Include="targetver.h">
      <Filter>99. Etc\헤더 파일</Filter>
    </ClInclude>
    <ClInclude Include="Resource.h">
      <Filter>99. Etc\헤더 파일</Filter>
    </ClInclude>
    <ClInclude Include="Client.h">
      <Filter>99. Etc\헤더 파일</Filter>
    </ClInclude>
    <ClInclude Include="..\Code\MainApp.h">
      <Filter>00. MainApp</Filter>
    </ClInclude>
    <ClInclude Include="..\Header\Define.h">
      <Filter>98. Header</Filter>
    </ClInclude>
    <ClInclude Include="stdafx.h">
      <Filter>98. Header</Filter>
    </ClInclude>
    <ClInclude Include="..\Code\Logo.h">
      <Filter>01. Scene\00. Logo</Filter>
    </ClInclude>
    <ClInclude Include="..\Code\TestPlayer.h">
      <Filter>02. GameObject\01. Stage\01.Player</Filter>
    </ClInclude>
    <ClInclude Include="..\Code\BackGround.h">
      <Filter>02. GameObject\01. Stage\00. Background</Filter>
    </ClInclude>
    <ClInclude Include="..\Code\Scene_Monster.h">
      <Filter>01. Scene\20. Scene_Monster</Filter>
    </ClInclude>
    <ClInclude Include="..\Code\Monster.h">
      <Filter>02. GameObject\01. Stage\01. Scene_Monster\00.Monster</Filter>
    </ClInclude>
    <ClInclude Include="..\Code\Chase_Monster.h">
      <Filter>02. GameObject\01. Stage\01. Scene_Monster\00.Monster\01. Chase</Filter>
    </ClInclude>
    <ClInclude Include="..\Code\Run_Monster.h">
      <Filter>02. GameObject\01. Stage\01. Scene_Monster\00.Monster\02. Running</Filter>
    </ClInclude>
    <ClInclude Include="..\Code\Jump_Monster.h">
      <Filter>02. GameObject\01. Stage\01. Scene_Monster\00.Monster\03. Jumping</Filter>
    </ClInclude>
    <ClInclude Include="..\Code\Fly_Monster.h">
      <Filter>02. GameObject\01. Stage\01. Scene_Monster\00.Monster\04. Fly</Filter>
    </ClInclude>
    <ClInclude Include="..\Code\Player.h">
      <Filter>02. GameObject\01. Stage\01. Scene_Monster\02. Player</Filter>
    </ClInclude>
    <ClInclude Include="..\Code\Terrain.h">
      <Filter>02. GameObject\01. Stage\01. Scene_Monster\01. Terrain</Filter>
    </ClInclude>
    <ClInclude Include="..\Code\NormalBullet.h">
      <Filter>02. GameObject\01. Stage\02.Bullet\00.Normal</Filter>
    </ClInclude>
    <ClInclude Include="..\Code\Bullet.h">
      <Filter>02. GameObject\01. Stage\02.Bullet</Filter>
    </ClInclude>
    <ClInclude Include="..\Code\PlayerTest.h">
      <Filter>01. Scene\70. PlayerTest</Filter>
    </ClInclude>
    <ClInclude Include="..\Code\Scene_Proto.h">
      <Filter>01. Scene\01.Scene_Proto</Filter>
    </ClInclude>
    <ClInclude Include="..\Code\TerrainPlayer.h">
      <Filter>02. GameObject\01. Stage\03.Terrain</Filter>
    </ClInclude>
    <ClInclude Include="..\Code\StageOne.h">
      <Filter>01. Scene\50. StageOne</Filter>
    </ClInclude>
    <ClInclude Include="..\Code\SkySphere.h">
      <Filter>02. GameObject\01. Stage\04.SkySphere</Filter>
    </ClInclude>
    <ClInclude Include="..\Code\Ocean.h">
      <Filter>02. GameObject\01. Stage\00. Background\00. Ocean</Filter>
    </ClInclude>
  </ItemGroup>
  <ItemGroup>
    <ClCompile Include="stdafx.cpp">
      <Filter>99. Etc\소스 파일</Filter>
    </ClCompile>
    <ClCompile Include="Client.cpp">
      <Filter>99. Etc\소스 파일</Filter>
    </ClCompile>
    <ClCompile Include="..\Code\MainApp.cpp">
      <Filter>00. MainApp</Filter>
    </ClCompile>
    <ClCompile Include="..\Code\Logo.cpp">
      <Filter>01. Scene\00. Logo</Filter>
    </ClCompile>
    <ClCompile Include="..\Code\TestPlayer.cpp">
      <Filter>02. GameObject\01. Stage\01.Player</Filter>
    </ClCompile>
    <ClCompile Include="..\Code\BackGround.cpp">
      <Filter>02. GameObject\01. Stage\00. Background</Filter>
    </ClCompile>
    <ClCompile Include="..\Code\Scene_Monster.cpp">
      <Filter>01. Scene\20. Scene_Monster</Filter>
    </ClCompile>
    <ClCompile Include="..\Code\Monster.cpp">
      <Filter>02. GameObject\01. Stage\01. Scene_Monster\00.Monster</Filter>
    </ClCompile>
    <ClCompile Include="..\Code\Chase_Monster.cpp">
      <Filter>02. GameObject\01. Stage\01. Scene_Monster\00.Monster\01. Chase</Filter>
    </ClCompile>
    <ClCompile Include="..\Code\Run_Monster.cpp">
      <Filter>02. GameObject\01. Stage\01. Scene_Monster\00.Monster\02. Running</Filter>
    </ClCompile>
    <ClCompile Include="..\Code\Jump_Monster.cpp">
      <Filter>02. GameObject\01. Stage\01. Scene_Monster\00.Monster\03. Jumping</Filter>
    </ClCompile>
    <ClCompile Include="..\Code\Fly_Monster.cpp">
      <Filter>02. GameObject\01. Stage\01. Scene_Monster\00.Monster\04. Fly</Filter>
    </ClCompile>
    <ClCompile Include="..\Code\Player.cpp">
      <Filter>02. GameObject\01. Stage\01. Scene_Monster\02. Player</Filter>
    </ClCompile>
    <ClCompile Include="..\Code\Terrain.cpp">
      <Filter>02. GameObject\01. Stage\01. Scene_Monster\01. Terrain</Filter>
    </ClCompile>
    <ClCompile Include="..\Code\NormalBullet.cpp">
      <Filter>02. GameObject\01. Stage\02.Bullet\00.Normal</Filter>
    </ClCompile>
    <ClCompile Include="..\Code\Bullet.cpp">
      <Filter>02. GameObject\01. Stage\02.Bullet</Filter>
    </ClCompile>
    <ClCompile Include="..\Code\PlayerTest.cpp">
      <Filter>01. Scene\70. PlayerTest</Filter>
    </ClCompile>
    <ClCompile Include="..\Code\Scene_Proto.cpp">
      <Filter>01. Scene\01.Scene_Proto</Filter>
    </ClCompile>
    <ClCompile Include="..\Code\TerrainPlayer.cpp">
      <Filter>02. GameObject\01. Stage\03.Terrain</Filter>
    </ClCompile>
    <ClCompile Include="..\Code\StageOne.cpp">
      <Filter>01. Scene\50. StageOne</Filter>
    </ClCompile>
    <ClCompile Include="..\Code\SkySphere.cpp">
      <Filter>02. GameObject\01. Stage\04.SkySphere</Filter>
    </ClCompile>
    <ClCompile Include="..\Code\Ocean.cpp">
      <Filter>02. GameObject\01. Stage\00. Background\00. Ocean</Filter>
    </ClCompile>
  </ItemGroup>
  <ItemGroup>
    <ResourceCompile Include="Client.rc">
      <Filter>99. Etc\리소스 파일</Filter>
    </ResourceCompile>
  </ItemGroup>
  <ItemGroup>
    <Image Include="small.ico">
      <Filter>99. Etc\리소스 파일</Filter>
    </Image>
    <Image Include="Client.ico">
      <Filter>99. Etc\리소스 파일</Filter>
    </Image>
  </ItemGroup>
  <ItemGroup>
    <Text Include="ReadMe.txt">
      <Filter>99. Etc\리소스 파일</Filter>
    </Text>
  </ItemGroup>
</Project>