<?xml version="1.0" encoding="utf-8"?>
<Project ToolsVersion="4.0" xmlns="http://schemas.microsoft.com/developer/msbuild/2003">
  <ItemGroup>
    <Filter Include="00. Management">
      <UniqueIdentifier>{f56e4550-7b43-4de2-9c9f-3c24be3465c3}</UniqueIdentifier>
    </Filter>
    <Filter Include="01. Scene">
      <UniqueIdentifier>{999b5815-0fc0-41c8-99b5-c24b10407e6c}</UniqueIdentifier>
    </Filter>
    <Filter Include="99. Export">
      <UniqueIdentifier>{eafefc08-4bc2-4915-bb07-db5579a52e73}</UniqueIdentifier>
    </Filter>
    <Filter Include="02. UtilBase">
      <UniqueIdentifier>{5cd39f9d-e93b-4cf5-ac97-160d53b80e3f}</UniqueIdentifier>
    </Filter>
    <Filter Include="03. Renderer">
      <UniqueIdentifier>{712e0a2f-0cd7-48e1-bb60-af37e2c77fe4}</UniqueIdentifier>
    </Filter>
    <Filter Include="02. UtilBase\00. Layer">
      <UniqueIdentifier>{33de7a8e-1c86-4263-903a-a6d5917a8f26}</UniqueIdentifier>
    </Filter>
    <Filter Include="02. UtilBase\01. GameObject">
      <UniqueIdentifier>{8460ec04-c97d-4f02-8a14-e4479c49f72c}</UniqueIdentifier>
    </Filter>
    <Filter Include="05. ColllisionMgr">
      <UniqueIdentifier>{8d7b7bd7-eae3-492b-b518-ed13ea9ee861}</UniqueIdentifier>
    </Filter>
    <Filter Include="02. UtilBase\02. Component">
      <UniqueIdentifier>{6c60e565-1e36-411a-b25a-cebf0280fd30}</UniqueIdentifier>
    </Filter>
    <Filter Include="02. UtilBase\02. Component\00. Transform">
      <UniqueIdentifier>{44a34150-74f3-4480-8948-01e8fbe86358}</UniqueIdentifier>
    </Filter>
    <Filter Include="02. UtilBase\02. Component\01. Camera">
      <UniqueIdentifier>{4e08a7a3-52f4-4831-bf4e-079a226f9723}</UniqueIdentifier>
    </Filter>
    <Filter Include="02. UtilBase\02. Component\03. Behavior">
      <UniqueIdentifier>{4d246ed3-8638-4422-a103-638155617460}</UniqueIdentifier>
    </Filter>
    <Filter Include="02. UtilBase\02. Component\04. TerrainMgr">
      <UniqueIdentifier>{17d9424d-c3c4-4a17-be31-f3037a6f193e}</UniqueIdentifier>
    </Filter>
    <Filter Include="02. UtilBase\02. Component\02. State">
      <UniqueIdentifier>{c53d4e61-51f9-4dfa-aaf3-0d27ed7f1a85}</UniqueIdentifier>
    </Filter>
    <Filter Include="02. UtilBase\02. Component\02. State\00.PlayerState">
      <UniqueIdentifier>{27f34ac7-26b3-4bc4-a823-cd46ee23126e}</UniqueIdentifier>
    </Filter>
    <Filter Include="02. UtilBase\02. Component\02. State\00.PlayerState\00.FlyIdle">
      <UniqueIdentifier>{9aaf4ac8-4770-4942-954c-f340b2234470}</UniqueIdentifier>
    </Filter>
    <Filter Include="02. UtilBase\02. Component\02. State\00.PlayerState\01.Fly">
      <UniqueIdentifier>{38383493-ca2e-4558-86e8-ebca7899db32}</UniqueIdentifier>
    </Filter>
    <Filter Include="02. UtilBase\02. Component\02. State\00.PlayerState\02.LandIdle">
      <UniqueIdentifier>{708bac98-3229-457e-bc56-3f1f3a13f2a4}</UniqueIdentifier>
    </Filter>
    <Filter Include="02. UtilBase\02. Component\02. State\00.PlayerState\03.LandRush">
      <UniqueIdentifier>{3acf5e4c-ead5-42b6-a013-d035c63b9a4e}</UniqueIdentifier>
    </Filter>
    <Filter Include="02. UtilBase\06. ParticleMgr">
      <UniqueIdentifier>{390361e5-fdcd-405b-a574-e944c6c95db3}</UniqueIdentifier>
    </Filter>
    <Filter Include="02. UtilBase\02. Component\01. Camera\00. CameraMain">
      <UniqueIdentifier>{90a41a8f-db4f-42ca-9e13-ddfddab424ce}</UniqueIdentifier>
    </Filter>
    <Filter Include="02. UtilBase\02. Component\01. Camera\01. Camera">
      <UniqueIdentifier>{c333b8cc-8a42-4f90-9191-91bc2211a860}</UniqueIdentifier>
    </Filter>
    <Filter Include="02. UtilBase\02. Component\01. Camera\02. CaveCamera">
      <UniqueIdentifier>{d7eb16a6-4dbc-4998-9111-af3eac7ebaef}</UniqueIdentifier>
    </Filter>
    <Filter Include="02. UtilBase\01. GameObject\02. Beam">
      <UniqueIdentifier>{5218bc86-b9c0-4b88-b774-1bf4c9f259c0}</UniqueIdentifier>
    </Filter>
    <Filter Include="02. UtilBase\02. Component\05. Breath">
      <UniqueIdentifier>{c5221c32-1967-418d-8989-b4fcbffb242f}</UniqueIdentifier>
    </Filter>
    <Filter Include="02. UtilBase\02. Component\02. State\00.PlayerState\04.BreathIdle">
      <UniqueIdentifier>{fe30575b-8310-450d-b235-9ac0b8d72289}</UniqueIdentifier>
    </Filter>
    <Filter Include="02. UtilBase\02. Component\02. State\00.PlayerState\06.CaveRush">
      <UniqueIdentifier>{ecea96f9-7955-428e-b598-e7746ad43ef1}</UniqueIdentifier>
    </Filter>
    <Filter Include="02. UtilBase\02. Component\02. State\00.PlayerState\05.BreathFly">
      <UniqueIdentifier>{8d5824cb-c6a5-462c-82b1-cb9722498fdc}</UniqueIdentifier>
    </Filter>
    <Filter Include="02. UtilBase\02. Component\06. Animatior">
      <UniqueIdentifier>{e2252d88-223e-4068-b7fc-80672ea2d48b}</UniqueIdentifier>
    </Filter>
    <Filter Include="02. UtilBase\02. Component\00. Transform\00. Animation">
      <UniqueIdentifier>{8429e82e-0462-4602-84dd-c416b87f5b0d}</UniqueIdentifier>
    </Filter>
    <Filter Include="02. UtilBase\02. Component\07. Animation_Controller">
      <UniqueIdentifier>{18cca149-97fc-4a68-a9fb-99b8981b2095}</UniqueIdentifier>
    </Filter>
    <Filter Include="02. UtilBase\02. Component\01. Camera\03. BossCamera">
      <UniqueIdentifier>{97d9eff1-7d51-4743-869e-5ad2c79c3287}</UniqueIdentifier>
    </Filter>
    <Filter Include="04. ObjectPool">
      <UniqueIdentifier>{a8b34d0c-8142-41d2-bb5d-f1ff4e28b92e}</UniqueIdentifier>
    </Filter>
    <Filter Include="02. UtilBase\01. GameObject\01. Monster">
      <UniqueIdentifier>{fcb9cbea-b837-4bd4-bb85-365954e13e92}</UniqueIdentifier>
    </Filter>
    <Filter Include="02. UtilBase\01. GameObject\00. Player">
      <UniqueIdentifier>{1ca9482e-39ce-4e81-83db-902fce8aeb43}</UniqueIdentifier>
    </Filter>
    <Filter Include="02. UtilBase\01. GameObject\36. Bullet">
      <UniqueIdentifier>{cb978f01-7c9e-4279-a5b1-7a1fd65c8196}</UniqueIdentifier>
    </Filter>
  </ItemGroup>
  <ItemGroup>
    <ClCompile Include="..\Code\Component.cpp">
      <Filter>02. UtilBase\02. Component</Filter>
    </ClCompile>
    <ClCompile Include="..\Code\GameObject.cpp">
      <Filter>02. UtilBase\01. GameObject</Filter>
    </ClCompile>
    <ClCompile Include="..\Code\Layer.cpp">
      <Filter>02. UtilBase\00. Layer</Filter>
    </ClCompile>
    <ClCompile Include="..\Code\Scene.cpp">
      <Filter>01. Scene</Filter>
    </ClCompile>
    <ClCompile Include="..\Code\Management.cpp">
      <Filter>00. Management</Filter>
    </ClCompile>
    <ClCompile Include="..\Code\Transform.cpp">
      <Filter>02. UtilBase\02. Component\00. Transform</Filter>
    </ClCompile>
    <ClCompile Include="..\Code\Renderer.cpp">
      <Filter>03. Renderer</Filter>
    </ClCompile>
    <ClCompile Include="..\Code\ObjectPool.cpp">
      <Filter>04. ObjectPool</Filter>
    </ClCompile>
    <ClCompile Include="..\Code\PlayerMain.cpp">
      <Filter>02. UtilBase\01. GameObject\00. Player</Filter>
    </ClCompile>
    <ClCompile Include="..\Code\PFlyIdle.cpp">
      <Filter>02. UtilBase\02. Component\02. State\00.PlayerState\00.FlyIdle</Filter>
    </ClCompile>
    <ClCompile Include="..\Code\PFly.cpp">
      <Filter>02. UtilBase\02. Component\02. State\00.PlayerState\01.Fly</Filter>
    </ClCompile>
    <ClCompile Include="..\Code\PLandIdle.cpp">
      <Filter>02. UtilBase\02. Component\02. State\00.PlayerState\02.LandIdle</Filter>
    </ClCompile>
    <ClCompile Include="..\Code\PLandRush.cpp">
      <Filter>02. UtilBase\02. Component\02. State\00.PlayerState\03.LandRush</Filter>
    </ClCompile>
    <ClCompile Include="..\Code\PlayerState.cpp">
      <Filter>02. UtilBase\02. Component\02. State\00.PlayerState</Filter>
    </ClCompile>
    <ClCompile Include="..\Code\Static_Behavior.cpp">
      <Filter>02. UtilBase\02. Component\03. Behavior</Filter>
    </ClCompile>
    <ClCompile Include="..\Code\Dynamic_Behavior.cpp">
      <Filter>02. UtilBase\02. Component\03. Behavior</Filter>
    </ClCompile>
    <ClCompile Include="..\Code\Sector_Manager.cpp">
      <Filter>02. UtilBase\02. Component\04. TerrainMgr</Filter>
    </ClCompile>
    <ClCompile Include="..\Code\Terrain_Manager.cpp">
      <Filter>02. UtilBase\02. Component\04. TerrainMgr</Filter>
    </ClCompile>
    <ClCompile Include="..\Code\UtilBase.cpp">
      <Filter>02. UtilBase</Filter>
    </ClCompile>
    <ClCompile Include="..\Code\CollisionMgr.cpp">
      <Filter>05. ColllisionMgr</Filter>
    </ClCompile>
    <ClCompile Include="..\Code\MonsterMain.cpp">
      <Filter>02. UtilBase\01. GameObject\01. Monster</Filter>
    </ClCompile>
    <ClCompile Include="..\Code\PCaveRush.cpp">
      <Filter>02. UtilBase\02. Component\02. State\00.PlayerState\06.CaveRush</Filter>
    </ClCompile>
    <ClCompile Include="..\Code\CaveCamera.cpp">
      <Filter>02. UtilBase\02. Component\01. Camera\02. CaveCamera</Filter>
    </ClCompile>
    <ClCompile Include="..\Code\ParticleMgr.cpp">
      <Filter>02. UtilBase\06. ParticleMgr</Filter>
    </ClCompile>
    <ClCompile Include="..\Code\CameraMain.cpp">
      <Filter>02. UtilBase\02. Component\01. Camera\00. CameraMain</Filter>
    </ClCompile>
    <ClCompile Include="..\Code\Camera.cpp">
      <Filter>02. UtilBase\02. Component\01. Camera\01. Camera</Filter>
    </ClCompile>
    <ClCompile Include="..\Code\BulletMain.cpp">
      <Filter>02. UtilBase\01. GameObject\36. Bullet</Filter>
    </ClCompile>
    <ClCompile Include="..\Code\BeamBase.cpp">
      <Filter>02. UtilBase\01. GameObject\02. Beam</Filter>
    </ClCompile>
    <ClCompile Include="..\Code\BreathBase.cpp">
      <Filter>02. UtilBase\02. Component\05. Breath</Filter>
    </ClCompile>
    <ClCompile Include="..\Code\PBreathFly.cpp">
      <Filter>02. UtilBase\02. Component\02. State\00.PlayerState\05.BreathFly</Filter>
    </ClCompile>
    <ClCompile Include="..\Code\PBreathIdle.cpp">
      <Filter>02. UtilBase\02. Component\02. State\00.PlayerState\04.BreathIdle</Filter>
    </ClCompile>
    <ClCompile Include="..\Code\Animator.cpp">
      <Filter>02. UtilBase\02. Component\06. Animatior</Filter>
    </ClCompile>
    <ClCompile Include="..\Code\AnimationTransform.cpp">
      <Filter>02. UtilBase\02. Component\00. Transform\00. Animation</Filter>
    </ClCompile>
    <ClCompile Include="..\Code\Animation_Controller.cpp">
      <Filter>02. UtilBase\02. Component\07. Animation_Controller</Filter>
    </ClCompile>
    <ClCompile Include="..\Code\BossCamera.cpp">
      <Filter>02. UtilBase\02. Component\01. Camera\03. BossCamera</Filter>
    </ClCompile>
  </ItemGroup>
  <ItemGroup>
    <ClInclude Include="..\Code\Component.h">
      <Filter>02. UtilBase\02. Component</Filter>
    </ClInclude>
    <ClInclude Include="..\Code\GameObject.h">
      <Filter>02. UtilBase\01. GameObject</Filter>
    </ClInclude>
    <ClInclude Include="..\Code\Layer.h">
      <Filter>02. UtilBase\00. Layer</Filter>
    </ClInclude>
    <ClInclude Include="..\Code\Scene.h">
      <Filter>01. Scene</Filter>
    </ClInclude>
    <ClInclude Include="..\Code\Management.h">
      <Filter>00. Management</Filter>
    </ClInclude>
    <ClInclude Include="..\..\Header\Export_Utility.h">
      <Filter>99. Export</Filter>
    </ClInclude>
    <ClInclude Include="..\Code\Transform.h">
      <Filter>02. UtilBase\02. Component\00. Transform</Filter>
    </ClInclude>
    <ClInclude Include="..\Code\Renderer.h">
      <Filter>03. Renderer</Filter>
    </ClInclude>
    <ClInclude Include="..\Code\ObjectPool.h">
      <Filter>04. ObjectPool</Filter>
    </ClInclude>
    <ClInclude Include="..\Code\PlayerMain.h">
      <Filter>02. UtilBase\01. GameObject\00. Player</Filter>
    </ClInclude>
    <ClInclude Include="..\Code\PFlyIdle.h">
      <Filter>02. UtilBase\02. Component\02. State\00.PlayerState\00.FlyIdle</Filter>
    </ClInclude>
    <ClInclude Include="..\Code\PFly.h">
      <Filter>02. UtilBase\02. Component\02. State\00.PlayerState\01.Fly</Filter>
    </ClInclude>
    <ClInclude Include="..\Code\PLandIdle.h">
      <Filter>02. UtilBase\02. Component\02. State\00.PlayerState\02.LandIdle</Filter>
    </ClInclude>
    <ClInclude Include="..\Code\PLandRush.h">
      <Filter>02. UtilBase\02. Component\02. State\00.PlayerState\03.LandRush</Filter>
    </ClInclude>
    <ClInclude Include="..\Code\PlayerState.h">
      <Filter>02. UtilBase\02. Component\02. State\00.PlayerState</Filter>
    </ClInclude>
    <ClInclude Include="..\Code\Dynamic_Behavior.h">
      <Filter>02. UtilBase\02. Component\03. Behavior</Filter>
    </ClInclude>
    <ClInclude Include="..\Code\Static_Behavior.h">
      <Filter>02. UtilBase\02. Component\03. Behavior</Filter>
    </ClInclude>
    <ClInclude Include="..\Code\Sector_Manager.h">
      <Filter>02. UtilBase\02. Component\04. TerrainMgr</Filter>
    </ClInclude>
    <ClInclude Include="..\Code\Terrain_Manager.h">
      <Filter>02. UtilBase\02. Component\04. TerrainMgr</Filter>
    </ClInclude>
    <ClInclude Include="..\Code\UtilBase.h">
      <Filter>02. UtilBase</Filter>
    </ClInclude>
    <ClInclude Include="..\Code\CollisionMgr.h">
      <Filter>05. ColllisionMgr</Filter>
    </ClInclude>
    <ClInclude Include="..\Code\MonsterMain.h">
      <Filter>02. UtilBase\01. GameObject\01. Monster</Filter>
    </ClInclude>
    <ClInclude Include="..\Code\PCaveRush.h">
      <Filter>02. UtilBase\02. Component\02. State\00.PlayerState\06.CaveRush</Filter>
    </ClInclude>
    <ClInclude Include="..\Code\CaveCamera.h">
      <Filter>02. UtilBase\02. Component\01. Camera\02. CaveCamera</Filter>
    </ClInclude>
    <ClInclude Include="..\Code\ParticleMgr.h">
      <Filter>02. UtilBase\06. ParticleMgr</Filter>
    </ClInclude>
    <ClInclude Include="..\Code\CameraMain.h">
      <Filter>02. UtilBase\02. Component\01. Camera\00. CameraMain</Filter>
    </ClInclude>
    <ClInclude Include="..\Code\Camera.h">
      <Filter>02. UtilBase\02. Component\01. Camera\01. Camera</Filter>
    </ClInclude>
    <ClInclude Include="..\Code\BulletMain.h">
      <Filter>02. UtilBase\01. GameObject\36. Bullet</Filter>
    </ClInclude>
    <ClInclude Include="..\Code\BeamBase.h">
      <Filter>02. UtilBase\01. GameObject\02. Beam</Filter>
    </ClInclude>
    <ClInclude Include="..\Code\BreathBase.h">
      <Filter>02. UtilBase\02. Component\05. Breath</Filter>
    </ClInclude>
    <ClInclude Include="..\Code\PBreathFly.h">
      <Filter>02. UtilBase\02. Component\02. State\00.PlayerState\05.BreathFly</Filter>
    </ClInclude>
    <ClInclude Include="..\Code\PBreathIdle.h">
      <Filter>02. UtilBase\02. Component\02. State\00.PlayerState\04.BreathIdle</Filter>
    </ClInclude>
    <ClInclude Include="..\Code\Animator.h">
      <Filter>02. UtilBase\02. Component\06. Animatior</Filter>
    </ClInclude>
    <ClInclude Include="..\Code\AnimationTransform.h">
      <Filter>02. UtilBase\02. Component\00. Transform\00. Animation</Filter>
    </ClInclude>
    <ClInclude Include="..\Code\Animation_Controller.h">
      <Filter>02. UtilBase\02. Component\07. Animation_Controller</Filter>
    </ClInclude>
    <ClInclude Include="..\Code\BossCamera.h">
      <Filter>02. UtilBase\02. Component\01. Camera\03. BossCamera</Filter>
    </ClInclude>
  </ItemGroup>
  <ItemGroup>
    <None Include="..\..\Header\Export_Utility.inl">
      <Filter>99. Export</Filter>
    </None>
  </ItemGroup>
</Project>