<?xml version="1.0" encoding="utf-8"?>
<Project ToolsVersion="4.0" xmlns="http://schemas.microsoft.com/developer/msbuild/2003">
  <ItemGroup>
    <Filter Include="00. Management">
      <UniqueIdentifier>{f56e4550-7b43-4de2-9c9f-3c24be3465c3}</UniqueIdentifier>
    </Filter>
    <Filter Include="01. Scene">
      <UniqueIdentifier>{999b5815-0fc0-41c8-99b5-c24b10407e6c}</UniqueIdentifier>
    </Filter>
    <Filter Include="99. Export">
      <UniqueIdentifier>{eafefc08-4bc2-4915-bb07-db5579a52e73}</UniqueIdentifier>
    </Filter>
    <Filter Include="02. UtilBase">
      <UniqueIdentifier>{5cd39f9d-e93b-4cf5-ac97-160d53b80e3f}</UniqueIdentifier>
    </Filter>
    <Filter Include="03. Renderer">
      <UniqueIdentifier>{712e0a2f-0cd7-48e1-bb60-af37e2c77fe4}</UniqueIdentifier>
    </Filter>
    <Filter Include="04.ObjectPool">
      <UniqueIdentifier>{a8b34d0c-8142-41d2-bb5d-f1ff4e28b92e}</UniqueIdentifier>
    </Filter>
    <Filter Include="02. UtilBase\00. Layer">
      <UniqueIdentifier>{33de7a8e-1c86-4263-903a-a6d5917a8f26}</UniqueIdentifier>
    </Filter>
    <Filter Include="02. UtilBase\01. GameObject">
      <UniqueIdentifier>{8460ec04-c97d-4f02-8a14-e4479c49f72c}</UniqueIdentifier>
    </Filter>
    <Filter Include="02. UtilBase\01. GameObject\00.Player">
      <UniqueIdentifier>{1ca9482e-39ce-4e81-83db-902fce8aeb43}</UniqueIdentifier>
    </Filter>
    <Filter Include="05. ColllisionMgr">
      <UniqueIdentifier>{8d7b7bd7-eae3-492b-b518-ed13ea9ee861}</UniqueIdentifier>
    </Filter>
    <Filter Include="02. UtilBase\02. Component">
      <UniqueIdentifier>{6c60e565-1e36-411a-b25a-cebf0280fd30}</UniqueIdentifier>
    </Filter>
    <Filter Include="02. UtilBase\02. Component\00. Transform">
      <UniqueIdentifier>{44a34150-74f3-4480-8948-01e8fbe86358}</UniqueIdentifier>
    </Filter>
    <Filter Include="02. UtilBase\02. Component\01. Camera">
      <UniqueIdentifier>{4e08a7a3-52f4-4831-bf4e-079a226f9723}</UniqueIdentifier>
    </Filter>
    <Filter Include="02. UtilBase\02. Component\03. Behavior">
      <UniqueIdentifier>{4d246ed3-8638-4422-a103-638155617460}</UniqueIdentifier>
    </Filter>
    <Filter Include="02. UtilBase\02. Component\04. TerrainMgr">
      <UniqueIdentifier>{17d9424d-c3c4-4a17-be31-f3037a6f193e}</UniqueIdentifier>
    </Filter>
    <Filter Include="02. UtilBase\01. GameObject\01.Monster">
      <UniqueIdentifier>{fcb9cbea-b837-4bd4-bb85-365954e13e92}</UniqueIdentifier>
    </Filter>
    <Filter Include="02. UtilBase\02. Component\02. State">
      <UniqueIdentifier>{c53d4e61-51f9-4dfa-aaf3-0d27ed7f1a85}</UniqueIdentifier>
    </Filter>
    <Filter Include="02. UtilBase\02. Component\02. State\00.PlayerState">
      <UniqueIdentifier>{27f34ac7-26b3-4bc4-a823-cd46ee23126e}</UniqueIdentifier>
    </Filter>
    <Filter Include="02. UtilBase\02. Component\02. State\00.PlayerState\00.FlyIdle">
      <UniqueIdentifier>{9aaf4ac8-4770-4942-954c-f340b2234470}</UniqueIdentifier>
    </Filter>
    <Filter Include="02. UtilBase\02. Component\02. State\00.PlayerState\01.Fly">
      <UniqueIdentifier>{38383493-ca2e-4558-86e8-ebca7899db32}</UniqueIdentifier>
    </Filter>
    <Filter Include="02. UtilBase\02. Component\02. State\00.PlayerState\02.LandIdle">
      <UniqueIdentifier>{708bac98-3229-457e-bc56-3f1f3a13f2a4}</UniqueIdentifier>
    </Filter>
    <Filter Include="02. UtilBase\02. Component\02. State\00.PlayerState\03.LandRush">
      <UniqueIdentifier>{3acf5e4c-ead5-42b6-a013-d035c63b9a4e}</UniqueIdentifier>
    </Filter>
    <Filter Include="02. UtilBase\02. Component\02. State\00.PlayerState\04.CaveRush">
      <UniqueIdentifier>{ecea96f9-7955-428e-b598-e7746ad43ef1}</UniqueIdentifier>
    </Filter>
    <Filter Include="02. UtilBase\02. Component\01. Camera\01. CaveCamera">
      <UniqueIdentifier>{d7eb16a6-4dbc-4998-9111-af3eac7ebaef}</UniqueIdentifier>
    </Filter>
  </ItemGroup>
  <ItemGroup>
    <ClCompile Include="..\Code\Component.cpp">
      <Filter>02. UtilBase\02. Component</Filter>
    </ClCompile>
    <ClCompile Include="..\Code\GameObject.cpp">
      <Filter>02. UtilBase\01. GameObject</Filter>
    </ClCompile>
    <ClCompile Include="..\Code\Layer.cpp">
      <Filter>02. UtilBase\00. Layer</Filter>
    </ClCompile>
    <ClCompile Include="..\Code\Scene.cpp">
      <Filter>01. Scene</Filter>
    </ClCompile>
    <ClCompile Include="..\Code\Management.cpp">
      <Filter>00. Management</Filter>
    </ClCompile>
    <ClCompile Include="..\Code\Transform.cpp">
      <Filter>02. UtilBase\02. Component\00. Transform</Filter>
    </ClCompile>
    <ClCompile Include="..\Code\Renderer.cpp">
      <Filter>03. Renderer</Filter>
    </ClCompile>
    <ClCompile Include="..\Code\ObjectPool.cpp">
      <Filter>04.ObjectPool</Filter>
    </ClCompile>
    <ClCompile Include="..\Code\Camera.cpp">
      <Filter>02. UtilBase\02. Component\01. Camera</Filter>
    </ClCompile>
    <ClCompile Include="..\Code\PlayerMain.cpp">
      <Filter>02. UtilBase\01. GameObject\00.Player</Filter>
    </ClCompile>
    <ClCompile Include="..\Code\PFlyIdle.cpp">
      <Filter>02. UtilBase\02. Component\02. State\00.PlayerState\00.FlyIdle</Filter>
    </ClCompile>
    <ClCompile Include="..\Code\PFly.cpp">
      <Filter>02. UtilBase\02. Component\02. State\00.PlayerState\01.Fly</Filter>
    </ClCompile>
    <ClCompile Include="..\Code\PLandIdle.cpp">
      <Filter>02. UtilBase\02. Component\02. State\00.PlayerState\02.LandIdle</Filter>
    </ClCompile>
    <ClCompile Include="..\Code\PLandRush.cpp">
      <Filter>02. UtilBase\02. Component\02. State\00.PlayerState\03.LandRush</Filter>
    </ClCompile>
    <ClCompile Include="..\Code\PlayerState.cpp">
      <Filter>02. UtilBase\02. Component\02. State\00.PlayerState</Filter>
    </ClCompile>
    <ClCompile Include="..\Code\Static_Behavior.cpp">
      <Filter>02. UtilBase\02. Component\03. Behavior</Filter>
    </ClCompile>
    <ClCompile Include="..\Code\Dynamic_Behavior.cpp">
      <Filter>02. UtilBase\02. Component\03. Behavior</Filter>
    </ClCompile>
    <ClCompile Include="..\Code\Sector_Manager.cpp">
      <Filter>02. UtilBase\02. Component\04. TerrainMgr</Filter>
    </ClCompile>
    <ClCompile Include="..\Code\Terrain_Manager.cpp">
      <Filter>02. UtilBase\02. Component\04. TerrainMgr</Filter>
    </ClCompile>
    <ClCompile Include="..\Code\UtilBase.cpp">
      <Filter>02. UtilBase</Filter>
    </ClCompile>
    <ClCompile Include="..\Code\CollisionMgr.cpp">
      <Filter>05. ColllisionMgr</Filter>
    </ClCompile>
    <ClCompile Include="..\Code\MonsterMain.cpp">
      <Filter>02. UtilBase\01. GameObject\01.Monster</Filter>
    </ClCompile>
    <ClCompile Include="..\Code\PCaveRush.cpp">
      <Filter>02. UtilBase\02. Component\02. State\00.PlayerState\04.CaveRush</Filter>
    </ClCompile>
    <ClCompile Include="..\Code\CaveCamera.cpp">
      <Filter>02. UtilBase\02. Component\01. Camera\01. CaveCamera</Filter>
    </ClCompile>
  </ItemGroup>
  <ItemGroup>
    <ClInclude Include="..\Code\Component.h">
      <Filter>02. UtilBase\02. Component</Filter>
    </ClInclude>
    <ClInclude Include="..\Code\GameObject.h">
      <Filter>02. UtilBase\01. GameObject</Filter>
    </ClInclude>
    <ClInclude Include="..\Code\Layer.h">
      <Filter>02. UtilBase\00. Layer</Filter>
    </ClInclude>
    <ClInclude Include="..\Code\Scene.h">
      <Filter>01. Scene</Filter>
    </ClInclude>
    <ClInclude Include="..\Code\Management.h">
      <Filter>00. Management</Filter>
    </ClInclude>
    <ClInclude Include="..\..\Header\Export_Utility.h">
      <Filter>99. Export</Filter>
    </ClInclude>
    <ClInclude Include="..\Code\Transform.h">
      <Filter>02. UtilBase\02. Component\00. Transform</Filter>
    </ClInclude>
    <ClInclude Include="..\Code\Renderer.h">
      <Filter>03. Renderer</Filter>
    </ClInclude>
    <ClInclude Include="..\Code\ObjectPool.h">
      <Filter>04.ObjectPool</Filter>
    </ClInclude>
    <ClInclude Include="..\Code\Camera.h">
      <Filter>02. UtilBase\02. Component\01. Camera</Filter>
    </ClInclude>
    <ClInclude Include="..\Code\PlayerMain.h">
      <Filter>02. UtilBase\01. GameObject\00.Player</Filter>
    </ClInclude>
    <ClInclude Include="..\Code\PFlyIdle.h">
      <Filter>02. UtilBase\02. Component\02. State\00.PlayerState\00.FlyIdle</Filter>
    </ClInclude>
    <ClInclude Include="..\Code\PFly.h">
      <Filter>02. UtilBase\02. Component\02. State\00.PlayerState\01.Fly</Filter>
    </ClInclude>
    <ClInclude Include="..\Code\PLandIdle.h">
      <Filter>02. UtilBase\02. Component\02. State\00.PlayerState\02.LandIdle</Filter>
    </ClInclude>
    <ClInclude Include="..\Code\PLandRush.h">
      <Filter>02. UtilBase\02. Component\02. State\00.PlayerState\03.LandRush</Filter>
    </ClInclude>
    <ClInclude Include="..\Code\PlayerState.h">
      <Filter>02. UtilBase\02. Component\02. State\00.PlayerState</Filter>
    </ClInclude>
    <ClInclude Include="..\Code\Dynamic_Behavior.h">
      <Filter>02. UtilBase\02. Component\03. Behavior</Filter>
    </ClInclude>
    <ClInclude Include="..\Code\Static_Behavior.h">
      <Filter>02. UtilBase\02. Component\03. Behavior</Filter>
    </ClInclude>
    <ClInclude Include="..\Code\Sector_Manager.h">
      <Filter>02. UtilBase\02. Component\04. TerrainMgr</Filter>
    </ClInclude>
    <ClInclude Include="..\Code\Terrain_Manager.h">
      <Filter>02. UtilBase\02. Component\04. TerrainMgr</Filter>
    </ClInclude>
    <ClInclude Include="..\Code\UtilBase.h">
      <Filter>02. UtilBase</Filter>
    </ClInclude>
    <ClInclude Include="..\Code\CollisionMgr.h">
      <Filter>05. ColllisionMgr</Filter>
    </ClInclude>
    <ClInclude Include="..\Code\MonsterMain.h">
      <Filter>02. UtilBase\01. GameObject\01.Monster</Filter>
    </ClInclude>
    <ClInclude Include="..\Code\PCaveRush.h">
      <Filter>02. UtilBase\02. Component\02. State\00.PlayerState\04.CaveRush</Filter>
    </ClInclude>
    <ClInclude Include="..\Code\CaveCamera.h">
      <Filter>02. UtilBase\02. Component\01. Camera\01. CaveCamera</Filter>
    </ClInclude>
  </ItemGroup>
  <ItemGroup>
    <None Include="..\..\Header\Export_Utility.inl">
      <Filter>99. Export</Filter>
    </None>
  </ItemGroup>
</Project>